// !$*UTF8*$!
{
	archiveVersion = 1;
	classes = {
	};
	objectVersion = 51;
	objects = {

/* Begin PBXBuildFile section */
		09FFA83DB81BBD7A39504767 /* StarhipParsingTests.swift in Sources */ = {isa = PBXBuildFile; fileRef = C6D610E65CED662D41792A0F /* StarhipParsingTests.swift */; };
		175BCE7A53449A16EB9344C3 /* StarWarsApp.xcdatamodeld in Sources */ = {isa = PBXBuildFile; fileRef = D7C27959A61C118486DDAD63 /* StarWarsApp.xcdatamodeld */; };
		272B922440D5DEBF742141CD /* CRUDManager.swift in Sources */ = {isa = PBXBuildFile; fileRef = EE8DBF283FD58199BE7EBF18 /* CRUDManager.swift */; };
		27604F8B27310E80C1AC3EB2 /* String+Extension.swift in Sources */ = {isa = PBXBuildFile; fileRef = 4F7FB750883B835DBCD8BE20 /* String+Extension.swift */; };
		2FFAE523FB261B4B33AF7682 /* PlanetCell.swift in Sources */ = {isa = PBXBuildFile; fileRef = A7A80CD8AD0E218FD08897BA /* PlanetCell.swift */; };
		3970538FD1247E0109CF9B3A /* AppDelegate.swift in Sources */ = {isa = PBXBuildFile; fileRef = 75575C806389F6D7D32CDAFA /* AppDelegate.swift */; };
		3C08AE53E924442F676384EF /* Character.swift in Sources */ = {isa = PBXBuildFile; fileRef = 8BE4F1ECB31BAB602878F62A /* Character.swift */; };
		41CF878E52E9B2CEAD80BC8B /* StarWarsApiService.swift in Sources */ = {isa = PBXBuildFile; fileRef = 7E3367890A6F38E83198575A /* StarWarsApiService.swift */; };
		652A7689E0FBC899A81ACFA8 /* StarShipCell.swift in Sources */ = {isa = PBXBuildFile; fileRef = BE6A153A54FCFD7B7A4598BD /* StarShipCell.swift */; };
		6981E5BF3B59F736A1230F3D /* Results.swift in Sources */ = {isa = PBXBuildFile; fileRef = 9D307574055287F287E2EF98 /* Results.swift */; };
		80B4163EF04ACF3AAAA511D8 /* Planet.swift in Sources */ = {isa = PBXBuildFile; fileRef = C468E2631AB66FEF1032BEFC /* Planet.swift */; };
		930893F002146983C7E613C9 /* MainViewController.swift in Sources */ = {isa = PBXBuildFile; fileRef = 1F35C02B6ABAD8C8BF842BEB /* MainViewController.swift */; };
		93C9E133B308A234B83DDD7A /* PlanetParsingTests.swift in Sources */ = {isa = PBXBuildFile; fileRef = 6BF17F7CA5C5A75276F941A0 /* PlanetParsingTests.swift */; };
		9EF469AA768B54D6986C5ABB /* FavouritesViewController.swift in Sources */ = {isa = PBXBuildFile; fileRef = 3B25245622AB44F3D3EC85B0 /* FavouritesViewController.swift */; };
		A6090149B955716429D52943 /* FavouritePlanet.swift in Sources */ = {isa = PBXBuildFile; fileRef = 56E5F64E27D467CE8934B1EE /* FavouritePlanet.swift */; };
		AD6928FD439E12ED8FA5283C /* FavouriteCharacter.swift in Sources */ = {isa = PBXBuildFile; fileRef = B8BCAEF9F075D93BA71212A1 /* FavouriteCharacter.swift */; };
		C3B50C20AA32E51093BE1E79 /* CharacterParsingTests.swift in Sources */ = {isa = PBXBuildFile; fileRef = 23BD12D2A36CF31530604FFD /* CharacterParsingTests.swift */; };
		C7F87D449512441458DFD99D /* FavouriteStarship.swift in Sources */ = {isa = PBXBuildFile; fileRef = 65157CE666CB2FF96D1590E2 /* FavouriteStarship.swift */; };
		CC0CACF0D75B9C96667AD095 /* CharacterCell.swift in Sources */ = {isa = PBXBuildFile; fileRef = 554EFCDE4276179AF8490F8B /* CharacterCell.swift */; };
		D179AB568D2AF931BE891408 /* UIStackView+Extension.swift in Sources */ = {isa = PBXBuildFile; fileRef = 581B2893E048146D06D95C29 /* UIStackView+Extension.swift */; };
		E07872AD0BA79AE44F8DEB8B /* Assets.xcassets in Resources */ = {isa = PBXBuildFile; fileRef = 0414C52BBCEA2F1624F05257 /* Assets.xcassets */; };
		EACBB7DB2D28C9A51AD917EE /* CellBoldTitleHeader.swift in Sources */ = {isa = PBXBuildFile; fileRef = 5D2FA712A70D22C0B3D8763B /* CellBoldTitleHeader.swift */; };
		F6B0810644B720118E50D6A0 /* StarShip.swift in Sources */ = {isa = PBXBuildFile; fileRef = 18F5BB64689BB4DDDEBBA172 /* StarShip.swift */; };
		FA57707388742896B5FC62E5 /* FavouritesCell.swift in Sources */ = {isa = PBXBuildFile; fileRef = F8E0C065B8FD012370157ECD /* FavouritesCell.swift */; };
/* End PBXBuildFile section */

/* Begin PBXContainerItemProxy section */
		6D277CB8A016DCF73535717F /* PBXContainerItemProxy */ = {
			isa = PBXContainerItemProxy;
			containerPortal = 623C8531401EC030BE70B6F3 /* Project object */;
			proxyType = 1;
			remoteGlobalIDString = DE91AB463ACA73F5296C4D99;
			remoteInfo = StarWarsApp;
		};
/* End PBXContainerItemProxy section */

/* Begin PBXFileReference section */
		0414C52BBCEA2F1624F05257 /* Assets.xcassets */ = {isa = PBXFileReference; lastKnownFileType = folder.assetcatalog; path = Assets.xcassets; sourceTree = "<group>"; };
		068E399B042390527D783EA2 /* StarWarsAppUnitTests.xctest */ = {isa = PBXFileReference; includeInIndex = 0; lastKnownFileType = wrapper.cfbundle; path = StarWarsAppUnitTests.xctest; sourceTree = BUILT_PRODUCTS_DIR; };
		18F5BB64689BB4DDDEBBA172 /* StarShip.swift */ = {isa = PBXFileReference; lastKnownFileType = sourcecode.swift; path = StarShip.swift; sourceTree = "<group>"; };
		1F35C02B6ABAD8C8BF842BEB /* MainViewController.swift */ = {isa = PBXFileReference; lastKnownFileType = sourcecode.swift; path = MainViewController.swift; sourceTree = "<group>"; };
		23BD12D2A36CF31530604FFD /* CharacterParsingTests.swift */ = {isa = PBXFileReference; lastKnownFileType = sourcecode.swift; path = CharacterParsingTests.swift; sourceTree = "<group>"; };
		27ED3191330676BE672A509E /* Info.plist */ = {isa = PBXFileReference; lastKnownFileType = text.plist; path = Info.plist; sourceTree = "<group>"; };
		3B25245622AB44F3D3EC85B0 /* FavouritesViewController.swift */ = {isa = PBXFileReference; lastKnownFileType = sourcecode.swift; path = FavouritesViewController.swift; sourceTree = "<group>"; };
		4710C0E4334ECFD69E7C51A3 /* StarWarsApp.app */ = {isa = PBXFileReference; includeInIndex = 0; lastKnownFileType = wrapper.application; path = StarWarsApp.app; sourceTree = BUILT_PRODUCTS_DIR; };
		4F7FB750883B835DBCD8BE20 /* String+Extension.swift */ = {isa = PBXFileReference; lastKnownFileType = sourcecode.swift; path = "String+Extension.swift"; sourceTree = "<group>"; };
		554EFCDE4276179AF8490F8B /* CharacterCell.swift */ = {isa = PBXFileReference; lastKnownFileType = sourcecode.swift; path = CharacterCell.swift; sourceTree = "<group>"; };
		56E5F64E27D467CE8934B1EE /* FavouritePlanet.swift */ = {isa = PBXFileReference; lastKnownFileType = sourcecode.swift; path = FavouritePlanet.swift; sourceTree = "<group>"; };
		581B2893E048146D06D95C29 /* UIStackView+Extension.swift */ = {isa = PBXFileReference; lastKnownFileType = sourcecode.swift; path = "UIStackView+Extension.swift"; sourceTree = "<group>"; };
		5D2FA712A70D22C0B3D8763B /* CellBoldTitleHeader.swift */ = {isa = PBXFileReference; lastKnownFileType = sourcecode.swift; path = CellBoldTitleHeader.swift; sourceTree = "<group>"; };
		65157CE666CB2FF96D1590E2 /* FavouriteStarship.swift */ = {isa = PBXFileReference; lastKnownFileType = sourcecode.swift; path = FavouriteStarship.swift; sourceTree = "<group>"; };
		6BF17F7CA5C5A75276F941A0 /* PlanetParsingTests.swift */ = {isa = PBXFileReference; lastKnownFileType = sourcecode.swift; path = PlanetParsingTests.swift; sourceTree = "<group>"; };
		75575C806389F6D7D32CDAFA /* AppDelegate.swift */ = {isa = PBXFileReference; lastKnownFileType = sourcecode.swift; path = AppDelegate.swift; sourceTree = "<group>"; };
		7E3367890A6F38E83198575A /* StarWarsApiService.swift */ = {isa = PBXFileReference; lastKnownFileType = sourcecode.swift; path = StarWarsApiService.swift; sourceTree = "<group>"; };
		8BE4F1ECB31BAB602878F62A /* Character.swift */ = {isa = PBXFileReference; lastKnownFileType = sourcecode.swift; path = Character.swift; sourceTree = "<group>"; };
		9D307574055287F287E2EF98 /* Results.swift */ = {isa = PBXFileReference; lastKnownFileType = sourcecode.swift; path = Results.swift; sourceTree = "<group>"; };
		A7A80CD8AD0E218FD08897BA /* PlanetCell.swift */ = {isa = PBXFileReference; lastKnownFileType = sourcecode.swift; path = PlanetCell.swift; sourceTree = "<group>"; };
		B32FC7D651CFC4518A11FCC4 /* StarWarsApp.xcdatamodel */ = {isa = PBXFileReference; lastKnownFileType = wrapper.xcdatamodel; path = StarWarsApp.xcdatamodel; sourceTree = "<group>"; };
		B8BCAEF9F075D93BA71212A1 /* FavouriteCharacter.swift */ = {isa = PBXFileReference; lastKnownFileType = sourcecode.swift; path = FavouriteCharacter.swift; sourceTree = "<group>"; };
		BE6A153A54FCFD7B7A4598BD /* StarShipCell.swift */ = {isa = PBXFileReference; lastKnownFileType = sourcecode.swift; path = StarShipCell.swift; sourceTree = "<group>"; };
		C468E2631AB66FEF1032BEFC /* Planet.swift */ = {isa = PBXFileReference; lastKnownFileType = sourcecode.swift; path = Planet.swift; sourceTree = "<group>"; };
		C6D610E65CED662D41792A0F /* StarhipParsingTests.swift */ = {isa = PBXFileReference; lastKnownFileType = sourcecode.swift; path = StarhipParsingTests.swift; sourceTree = "<group>"; };
		EE8DBF283FD58199BE7EBF18 /* CRUDManager.swift */ = {isa = PBXFileReference; lastKnownFileType = sourcecode.swift; path = CRUDManager.swift; sourceTree = "<group>"; };
		F8E0C065B8FD012370157ECD /* FavouritesCell.swift */ = {isa = PBXFileReference; lastKnownFileType = sourcecode.swift; path = FavouritesCell.swift; sourceTree = "<group>"; };
/* End PBXFileReference section */

/* Begin PBXGroup section */
		0356EB0464FDDDBC58833BB2 /* Products */ = {
			isa = PBXGroup;
			children = (
				4710C0E4334ECFD69E7C51A3 /* StarWarsApp.app */,
				068E399B042390527D783EA2 /* StarWarsAppUnitTests.xctest */,
			);
			name = Products;
			sourceTree = "<group>";
		};
		050840B88F113B0753F11AD0 /* Sources */ = {
			isa = PBXGroup;
			children = (
				75575C806389F6D7D32CDAFA /* AppDelegate.swift */,
				27ED3191330676BE672A509E /* Info.plist */,
				61928ECF3301353A18971D2A /* Api */,
				54734FCD225EC0BD102B9603 /* Controllers */,
				93F029542FB17F79305491F3 /* CoreData */,
				A92F436FBCEFD474A707B94C /* Extensions */,
				254E7B87C472C91299ECF198 /* Views */,
			);
			name = Sources;
			path = Sources;
			sourceTree = "<group>";
		};
		11F38AFBEFE99DF550698F62 /* Cells */ = {
			isa = PBXGroup;
			children = (
				554EFCDE4276179AF8490F8B /* CharacterCell.swift */,
				A7A80CD8AD0E218FD08897BA /* PlanetCell.swift */,
				BE6A153A54FCFD7B7A4598BD /* StarShipCell.swift */,
				BBFEEC992582CD32A0EFDF62 /* Common */,
			);
			path = Cells;
			sourceTree = "<group>";
		};
		254E7B87C472C91299ECF198 /* Views */ = {
			isa = PBXGroup;
			children = (
				11F38AFBEFE99DF550698F62 /* Cells */,
				E3E8ABD7DB83D4DE3F77ED30 /* Headers */,
			);
			path = Views;
			sourceTree = "<group>";
		};
		54734FCD225EC0BD102B9603 /* Controllers */ = {
			isa = PBXGroup;
			children = (
				3B25245622AB44F3D3EC85B0 /* FavouritesViewController.swift */,
				1F35C02B6ABAD8C8BF842BEB /* MainViewController.swift */,
			);
			path = Controllers;
			sourceTree = "<group>";
		};
		61928ECF3301353A18971D2A /* Api */ = {
			isa = PBXGroup;
			children = (
				7E3367890A6F38E83198575A /* StarWarsApiService.swift */,
				8242413A937F74AF508F3834 /* Models */,
			);
			path = Api;
			sourceTree = "<group>";
		};
		8242413A937F74AF508F3834 /* Models */ = {
			isa = PBXGroup;
			children = (
				8BE4F1ECB31BAB602878F62A /* Character.swift */,
				C468E2631AB66FEF1032BEFC /* Planet.swift */,
				9D307574055287F287E2EF98 /* Results.swift */,
				18F5BB64689BB4DDDEBBA172 /* StarShip.swift */,
			);
			path = Models;
			sourceTree = "<group>";
		};
		93F029542FB17F79305491F3 /* CoreData */ = {
			isa = PBXGroup;
			children = (
				EE8DBF283FD58199BE7EBF18 /* CRUDManager.swift */,
				AA62979E3B305EBAC806EBFC /* DataModels */,
			);
			path = CoreData;
			sourceTree = "<group>";
		};
		974F6E804ECC0D0AC8B9C9F4 /* Tests */ = {
			isa = PBXGroup;
			children = (
				23BD12D2A36CF31530604FFD /* CharacterParsingTests.swift */,
				6BF17F7CA5C5A75276F941A0 /* PlanetParsingTests.swift */,
				C6D610E65CED662D41792A0F /* StarhipParsingTests.swift */,
			);
			path = Tests;
			sourceTree = "<group>";
		};
		9EF77BBF1AC0A220F5584B81 = {
			isa = PBXGroup;
			children = (
				B749E0E09898A5395BAB5445 /* Assets */,
				050840B88F113B0753F11AD0 /* Sources */,
				974F6E804ECC0D0AC8B9C9F4 /* Tests */,
				0356EB0464FDDDBC58833BB2 /* Products */,
			);
			sourceTree = "<group>";
		};
		A92F436FBCEFD474A707B94C /* Extensions */ = {
			isa = PBXGroup;
			children = (
				4F7FB750883B835DBCD8BE20 /* String+Extension.swift */,
				581B2893E048146D06D95C29 /* UIStackView+Extension.swift */,
			);
			path = Extensions;
			sourceTree = "<group>";
		};
		AA62979E3B305EBAC806EBFC /* DataModels */ = {
			isa = PBXGroup;
			children = (
				B8BCAEF9F075D93BA71212A1 /* FavouriteCharacter.swift */,
				56E5F64E27D467CE8934B1EE /* FavouritePlanet.swift */,
				65157CE666CB2FF96D1590E2 /* FavouriteStarship.swift */,
				D7C27959A61C118486DDAD63 /* StarWarsApp.xcdatamodeld */,
			);
			path = DataModels;
			sourceTree = "<group>";
		};
		B749E0E09898A5395BAB5445 /* Assets */ = {
			isa = PBXGroup;
			children = (
				0414C52BBCEA2F1624F05257 /* Assets.xcassets */,
			);
			name = Assets;
			path = Assets;
			sourceTree = "<group>";
		};
		BBFEEC992582CD32A0EFDF62 /* Common */ = {
			isa = PBXGroup;
			children = (
				F8E0C065B8FD012370157ECD /* FavouritesCell.swift */,
			);
			path = Common;
			sourceTree = "<group>";
		};
		E3E8ABD7DB83D4DE3F77ED30 /* Headers */ = {
			isa = PBXGroup;
			children = (
				5D2FA712A70D22C0B3D8763B /* CellBoldTitleHeader.swift */,
			);
			path = Headers;
			sourceTree = "<group>";
		};
/* End PBXGroup section */

/* Begin PBXNativeTarget section */
		323CF3C0313378F82A912BD7 /* StarWarsAppUnitTests */ = {
			isa = PBXNativeTarget;
			buildConfigurationList = 43BC7D4FD16DB0CB9F8DFB1B /* Build configuration list for PBXNativeTarget "StarWarsAppUnitTests" */;
			buildPhases = (
				46CF0850763FA926DFD8C116 /* Sources */,
			);
			buildRules = (
			);
			dependencies = (
				08DFC1F61817B1041BA249C8 /* PBXTargetDependency */,
			);
			name = StarWarsAppUnitTests;
			productName = StarWarsAppUnitTests;
			productReference = 068E399B042390527D783EA2 /* StarWarsAppUnitTests.xctest */;
			productType = "com.apple.product-type.bundle.unit-test";
		};
		DE91AB463ACA73F5296C4D99 /* StarWarsApp */ = {
			isa = PBXNativeTarget;
			buildConfigurationList = D6AA99858F842E23EF0D67AA /* Build configuration list for PBXNativeTarget "StarWarsApp" */;
			buildPhases = (
				EF0D9E42A8974E4DD97CC770 /* Sources */,
				398C2E649B1742798C6BE151 /* Resources */,
			);
			buildRules = (
			);
			dependencies = (
			);
			name = StarWarsApp;
			productName = StarWarsApp;
			productReference = 4710C0E4334ECFD69E7C51A3 /* StarWarsApp.app */;
			productType = "com.apple.product-type.application";
		};
/* End PBXNativeTarget section */

/* Begin PBXProject section */
		623C8531401EC030BE70B6F3 /* Project object */ = {
			isa = PBXProject;
			attributes = {
				LastUpgradeCheck = 1200;
				TargetAttributes = {
				};
			};
			buildConfigurationList = 6F6475CE1BEE49487716BD79 /* Build configuration list for PBXProject "StarWarsApp" */;
			compatibilityVersion = "Xcode 10.0";
			developmentRegion = en;
			hasScannedForEncodings = 0;
			knownRegions = (
				Base,
				en,
			);
			mainGroup = 9EF77BBF1AC0A220F5584B81;
			projectDirPath = "";
			projectRoot = "";
			targets = (
				DE91AB463ACA73F5296C4D99 /* StarWarsApp */,
				323CF3C0313378F82A912BD7 /* StarWarsAppUnitTests */,
			);
		};
/* End PBXProject section */

/* Begin PBXResourcesBuildPhase section */
		398C2E649B1742798C6BE151 /* Resources */ = {
			isa = PBXResourcesBuildPhase;
			buildActionMask = 2147483647;
			files = (
				E07872AD0BA79AE44F8DEB8B /* Assets.xcassets in Resources */,
			);
			runOnlyForDeploymentPostprocessing = 0;
		};
/* End PBXResourcesBuildPhase section */

/* Begin PBXSourcesBuildPhase section */
		46CF0850763FA926DFD8C116 /* Sources */ = {
			isa = PBXSourcesBuildPhase;
			buildActionMask = 2147483647;
			files = (
				C3B50C20AA32E51093BE1E79 /* CharacterParsingTests.swift in Sources */,
				93C9E133B308A234B83DDD7A /* PlanetParsingTests.swift in Sources */,
				09FFA83DB81BBD7A39504767 /* StarhipParsingTests.swift in Sources */,
			);
			runOnlyForDeploymentPostprocessing = 0;
		};
		EF0D9E42A8974E4DD97CC770 /* Sources */ = {
			isa = PBXSourcesBuildPhase;
			buildActionMask = 2147483647;
			files = (
				3970538FD1247E0109CF9B3A /* AppDelegate.swift in Sources */,
				272B922440D5DEBF742141CD /* CRUDManager.swift in Sources */,
				EACBB7DB2D28C9A51AD917EE /* CellBoldTitleHeader.swift in Sources */,
				3C08AE53E924442F676384EF /* Character.swift in Sources */,
				CC0CACF0D75B9C96667AD095 /* CharacterCell.swift in Sources */,
				AD6928FD439E12ED8FA5283C /* FavouriteCharacter.swift in Sources */,
				A6090149B955716429D52943 /* FavouritePlanet.swift in Sources */,
				C7F87D449512441458DFD99D /* FavouriteStarship.swift in Sources */,
				FA57707388742896B5FC62E5 /* FavouritesCell.swift in Sources */,
				9EF469AA768B54D6986C5ABB /* FavouritesViewController.swift in Sources */,
				930893F002146983C7E613C9 /* MainViewController.swift in Sources */,
				80B4163EF04ACF3AAAA511D8 /* Planet.swift in Sources */,
				2FFAE523FB261B4B33AF7682 /* PlanetCell.swift in Sources */,
				6981E5BF3B59F736A1230F3D /* Results.swift in Sources */,
				F6B0810644B720118E50D6A0 /* StarShip.swift in Sources */,
				652A7689E0FBC899A81ACFA8 /* StarShipCell.swift in Sources */,
				41CF878E52E9B2CEAD80BC8B /* StarWarsApiService.swift in Sources */,
				175BCE7A53449A16EB9344C3 /* StarWarsApp.xcdatamodeld in Sources */,
				27604F8B27310E80C1AC3EB2 /* String+Extension.swift in Sources */,
				D179AB568D2AF931BE891408 /* UIStackView+Extension.swift in Sources */,
			);
			runOnlyForDeploymentPostprocessing = 0;
		};
/* End PBXSourcesBuildPhase section */

/* Begin PBXTargetDependency section */
		08DFC1F61817B1041BA249C8 /* PBXTargetDependency */ = {
			isa = PBXTargetDependency;
			target = DE91AB463ACA73F5296C4D99 /* StarWarsApp */;
			targetProxy = 6D277CB8A016DCF73535717F /* PBXContainerItemProxy */;
		};
/* End PBXTargetDependency section */

/* Begin XCBuildConfiguration section */
		063D116BD8BBF054113DFBD4 /* Debug */ = {
			isa = XCBuildConfiguration;
			buildSettings = {
				BUNDLE_LOADER = "$(TEST_HOST)";
				GENERATE_INFOPLIST_FILE = YES;
				LD_RUNPATH_SEARCH_PATHS = (
					"$(inherited)",
					"@executable_path/Frameworks",
					"@loader_path/Frameworks",
				);
				SDKROOT = iphoneos;
				TARGETED_DEVICE_FAMILY = "1,2";
				TEST_HOST = "$(BUILT_PRODUCTS_DIR)/StarWarsApp.app/StarWarsApp";
			};
			name = Debug;
		};
		2A918D000C79578B31A1E749 /* Debug */ = {
			isa = XCBuildConfiguration;
			buildSettings = {
				ALWAYS_SEARCH_USER_PATHS = NO;
				CLANG_ANALYZER_NONNULL = YES;
				CLANG_ANALYZER_NUMBER_OBJECT_CONVERSION = YES_AGGRESSIVE;
				CLANG_CXX_LANGUAGE_STANDARD = "gnu++14";
				CLANG_CXX_LIBRARY = "libc++";
				CLANG_ENABLE_MODULES = YES;
				CLANG_ENABLE_OBJC_ARC = YES;
				CLANG_ENABLE_OBJC_WEAK = YES;
				CLANG_WARN_BLOCK_CAPTURE_AUTORELEASING = YES;
				CLANG_WARN_BOOL_CONVERSION = YES;
				CLANG_WARN_COMMA = YES;
				CLANG_WARN_CONSTANT_CONVERSION = YES;
				CLANG_WARN_DEPRECATED_OBJC_IMPLEMENTATIONS = YES;
				CLANG_WARN_DIRECT_OBJC_ISA_USAGE = YES_ERROR;
				CLANG_WARN_DOCUMENTATION_COMMENTS = YES;
				CLANG_WARN_EMPTY_BODY = YES;
				CLANG_WARN_ENUM_CONVERSION = YES;
				CLANG_WARN_INFINITE_RECURSION = YES;
				CLANG_WARN_INT_CONVERSION = YES;
				CLANG_WARN_NON_LITERAL_NULL_CONVERSION = YES;
				CLANG_WARN_OBJC_IMPLICIT_RETAIN_SELF = YES;
				CLANG_WARN_OBJC_LITERAL_CONVERSION = YES;
				CLANG_WARN_OBJC_ROOT_CLASS = YES_ERROR;
				CLANG_WARN_QUOTED_INCLUDE_IN_FRAMEWORK_HEADER = YES;
				CLANG_WARN_RANGE_LOOP_ANALYSIS = YES;
				CLANG_WARN_STRICT_PROTOTYPES = YES;
				CLANG_WARN_SUSPICIOUS_MOVE = YES;
				CLANG_WARN_UNGUARDED_AVAILABILITY = YES_AGGRESSIVE;
				CLANG_WARN_UNREACHABLE_CODE = YES;
				CLANG_WARN__DUPLICATE_METHOD_MATCH = YES;
				COPY_PHASE_STRIP = NO;
				DEBUG_INFORMATION_FORMAT = dwarf;
				ENABLE_STRICT_OBJC_MSGSEND = YES;
				ENABLE_TESTABILITY = YES;
				GCC_C_LANGUAGE_STANDARD = gnu11;
				GCC_DYNAMIC_NO_PIC = NO;
				GCC_NO_COMMON_BLOCKS = YES;
				GCC_OPTIMIZATION_LEVEL = 0;
				GCC_PREPROCESSOR_DEFINITIONS = (
					"$(inherited)",
					"DEBUG=1",
				);
				GCC_WARN_64_TO_32_BIT_CONVERSION = YES;
				GCC_WARN_ABOUT_RETURN_TYPE = YES_ERROR;
				GCC_WARN_UNDECLARED_SELECTOR = YES;
				GCC_WARN_UNINITIALIZED_AUTOS = YES_AGGRESSIVE;
				GCC_WARN_UNUSED_FUNCTION = YES;
				GCC_WARN_UNUSED_VARIABLE = YES;
				MTL_ENABLE_DEBUG_INFO = INCLUDE_SOURCE;
				MTL_FAST_MATH = YES;
				ONLY_ACTIVE_ARCH = YES;
				PRODUCT_NAME = "$(TARGET_NAME)";
				SDKROOT = iphoneos;
				SWIFT_ACTIVE_COMPILATION_CONDITIONS = DEBUG;
				SWIFT_OPTIMIZATION_LEVEL = "-Onone";
				SWIFT_VERSION = 5.0;
			};
			name = Debug;
		};
		2CF912FF9DF6C266E8CCC0D2 /* Release */ = {
			isa = XCBuildConfiguration;
			buildSettings = {
				BUNDLE_LOADER = "$(TEST_HOST)";
				GENERATE_INFOPLIST_FILE = YES;
				LD_RUNPATH_SEARCH_PATHS = (
					"$(inherited)",
					"@executable_path/Frameworks",
					"@loader_path/Frameworks",
				);
				SDKROOT = iphoneos;
				TARGETED_DEVICE_FAMILY = "1,2";
				TEST_HOST = "$(BUILT_PRODUCTS_DIR)/StarWarsApp.app/StarWarsApp";
			};
			name = Release;
		};
		3C20B15B106171FB89AD40D9 /* Release */ = {
			isa = XCBuildConfiguration;
			buildSettings = {
				ALWAYS_SEARCH_USER_PATHS = NO;
				CLANG_ANALYZER_NONNULL = YES;
				CLANG_ANALYZER_NUMBER_OBJECT_CONVERSION = YES_AGGRESSIVE;
				CLANG_CXX_LANGUAGE_STANDARD = "gnu++14";
				CLANG_CXX_LIBRARY = "libc++";
				CLANG_ENABLE_MODULES = YES;
				CLANG_ENABLE_OBJC_ARC = YES;
				CLANG_ENABLE_OBJC_WEAK = YES;
				CLANG_WARN_BLOCK_CAPTURE_AUTORELEASING = YES;
				CLANG_WARN_BOOL_CONVERSION = YES;
				CLANG_WARN_COMMA = YES;
				CLANG_WARN_CONSTANT_CONVERSION = YES;
				CLANG_WARN_DEPRECATED_OBJC_IMPLEMENTATIONS = YES;
				CLANG_WARN_DIRECT_OBJC_ISA_USAGE = YES_ERROR;
				CLANG_WARN_DOCUMENTATION_COMMENTS = YES;
				CLANG_WARN_EMPTY_BODY = YES;
				CLANG_WARN_ENUM_CONVERSION = YES;
				CLANG_WARN_INFINITE_RECURSION = YES;
				CLANG_WARN_INT_CONVERSION = YES;
				CLANG_WARN_NON_LITERAL_NULL_CONVERSION = YES;
				CLANG_WARN_OBJC_IMPLICIT_RETAIN_SELF = YES;
				CLANG_WARN_OBJC_LITERAL_CONVERSION = YES;
				CLANG_WARN_OBJC_ROOT_CLASS = YES_ERROR;
				CLANG_WARN_QUOTED_INCLUDE_IN_FRAMEWORK_HEADER = YES;
				CLANG_WARN_RANGE_LOOP_ANALYSIS = YES;
				CLANG_WARN_STRICT_PROTOTYPES = YES;
				CLANG_WARN_SUSPICIOUS_MOVE = YES;
				CLANG_WARN_UNGUARDED_AVAILABILITY = YES_AGGRESSIVE;
				CLANG_WARN_UNREACHABLE_CODE = YES;
				CLANG_WARN__DUPLICATE_METHOD_MATCH = YES;
				COPY_PHASE_STRIP = NO;
				DEBUG_INFORMATION_FORMAT = "dwarf-with-dsym";
				ENABLE_NS_ASSERTIONS = NO;
				ENABLE_STRICT_OBJC_MSGSEND = YES;
				GCC_C_LANGUAGE_STANDARD = gnu11;
				GCC_NO_COMMON_BLOCKS = YES;
				GCC_WARN_64_TO_32_BIT_CONVERSION = YES;
				GCC_WARN_ABOUT_RETURN_TYPE = YES_ERROR;
				GCC_WARN_UNDECLARED_SELECTOR = YES;
				GCC_WARN_UNINITIALIZED_AUTOS = YES_AGGRESSIVE;
				GCC_WARN_UNUSED_FUNCTION = YES;
				GCC_WARN_UNUSED_VARIABLE = YES;
				MTL_ENABLE_DEBUG_INFO = NO;
				MTL_FAST_MATH = YES;
				PRODUCT_NAME = "$(TARGET_NAME)";
				SDKROOT = iphoneos;
				SWIFT_COMPILATION_MODE = wholemodule;
				SWIFT_OPTIMIZATION_LEVEL = "-O";
				SWIFT_VERSION = 5.0;
			};
			name = Release;
		};
		788F31CC210C896C9FD28B90 /* Release */ = {
			isa = XCBuildConfiguration;
			buildSettings = {
				ASSETCATALOG_COMPILER_APPICON_NAME = AppIcon;
				CODE_SIGN_IDENTITY = "iPhone Developer";
				INFOPLIST_FILE = Sources/Info.plist;
				IPHONEOS_DEPLOYMENT_TARGET = 16.0;
				LD_RUNPATH_SEARCH_PATHS = (
					"$(inherited)",
					"@executable_path/Frameworks",
				);
				PRODUCT_BUNDLE_IDENTIFIER = starwars.app;
				SDKROOT = iphoneos;
				TARGETED_DEVICE_FAMILY = "1,2";
			};
			name = Release;
		};
		DDD94907C89676AD23B77FBC /* Debug */ = {
			isa = XCBuildConfiguration;
			buildSettings = {
				ASSETCATALOG_COMPILER_APPICON_NAME = AppIcon;
				CODE_SIGN_IDENTITY = "iPhone Developer";
				INFOPLIST_FILE = Sources/Info.plist;
				IPHONEOS_DEPLOYMENT_TARGET = 16.0;
				LD_RUNPATH_SEARCH_PATHS = (
					"$(inherited)",
					"@executable_path/Frameworks",
				);
				PRODUCT_BUNDLE_IDENTIFIER = starwars.app;
				SDKROOT = iphoneos;
				TARGETED_DEVICE_FAMILY = "1,2";
			};
			name = Debug;
		};
/* End XCBuildConfiguration section */

/* Begin XCConfigurationList section */
		43BC7D4FD16DB0CB9F8DFB1B /* Build configuration list for PBXNativeTarget "StarWarsAppUnitTests" */ = {
			isa = XCConfigurationList;
			buildConfigurations = (
				063D116BD8BBF054113DFBD4 /* Debug */,
				2CF912FF9DF6C266E8CCC0D2 /* Release */,
			);
			defaultConfigurationIsVisible = 0;
			defaultConfigurationName = Debug;
		};
		6F6475CE1BEE49487716BD79 /* Build configuration list for PBXProject "StarWarsApp" */ = {
			isa = XCConfigurationList;
			buildConfigurations = (
				2A918D000C79578B31A1E749 /* Debug */,
				3C20B15B106171FB89AD40D9 /* Release */,
			);
			defaultConfigurationIsVisible = 0;
			defaultConfigurationName = Debug;
		};
		D6AA99858F842E23EF0D67AA /* Build configuration list for PBXNativeTarget "StarWarsApp" */ = {
			isa = XCConfigurationList;
			buildConfigurations = (
				DDD94907C89676AD23B77FBC /* Debug */,
				788F31CC210C896C9FD28B90 /* Release */,
			);
			defaultConfigurationIsVisible = 0;
			defaultConfigurationName = Debug;
		};
/* End XCConfigurationList section */

/* Begin XCVersionGroup section */
		D7C27959A61C118486DDAD63 /* StarWarsApp.xcdatamodeld */ = {
			isa = XCVersionGroup;
			children = (
				B32FC7D651CFC4518A11FCC4 /* StarWarsApp.xcdatamodel */,
			);
			currentVersion = B32FC7D651CFC4518A11FCC4 /* StarWarsApp.xcdatamodel */;
			path = StarWarsApp.xcdatamodeld;
			sourceTree = "<group>";
			versionGroupType = wrapper.xcdatamodel;
		};
/* End XCVersionGroup section */
	};
	rootObject = 623C8531401EC030BE70B6F3 /* Project object */;
}
